// !$*UTF8*$!
{
	archiveVersion = 1;
	classes = {
	};
	objectVersion = 46;
	objects = {

/* Begin PBXBuildFile section */
		44BB02F01DDED63C0036E224 /* main.m in Sources */ = {isa = PBXBuildFile; fileRef = 44BB02EF1DDED63C0036E224 /* main.m */; };
		44BB02F31DDED63C0036E224 /* AppDelegate.m in Sources */ = {isa = PBXBuildFile; fileRef = 44BB02F21DDED63C0036E224 /* AppDelegate.m */; };
		44BB02F61DDED63C0036E224 /* ViewController.m in Sources */ = {isa = PBXBuildFile; fileRef = 44BB02F51DDED63C0036E224 /* ViewController.m */; };
		44BB02F91DDED63C0036E224 /* Main.storyboard in Resources */ = {isa = PBXBuildFile; fileRef = 44BB02F71DDED63C0036E224 /* Main.storyboard */; };
		44BB02FB1DDED63C0036E224 /* Assets.xcassets in Resources */ = {isa = PBXBuildFile; fileRef = 44BB02FA1DDED63C0036E224 /* Assets.xcassets */; };
		44BB02FE1DDED63C0036E224 /* LaunchScreen.storyboard in Resources */ = {isa = PBXBuildFile; fileRef = 44BB02FC1DDED63C0036E224 /* LaunchScreen.storyboard */; };
		44BB03091DDED63C0036E224 /* SpriteButtonTests.m in Sources */ = {isa = PBXBuildFile; fileRef = 44BB03081DDED63C0036E224 /* SpriteButtonTests.m */; };
		44BB03141DDED63C0036E224 /* SpriteButtonUITests.m in Sources */ = {isa = PBXBuildFile; fileRef = 44BB03131DDED63C0036E224 /* SpriteButtonUITests.m */; };
		44BB03231DDED67D0036E224 /* SpriteButton.m in Sources */ = {isa = PBXBuildFile; fileRef = 44BB03221DDED67D0036E224 /* SpriteButton.m */; };
/* End PBXBuildFile section */

/* Begin PBXContainerItemProxy section */
		44BB03051DDED63C0036E224 /* PBXContainerItemProxy */ = {
			isa = PBXContainerItemProxy;
			containerPortal = 44BB02E31DDED63C0036E224 /* Project object */;
			proxyType = 1;
			remoteGlobalIDString = 44BB02EA1DDED63C0036E224;
			remoteInfo = SpriteButton;
		};
		44BB03101DDED63C0036E224 /* PBXContainerItemProxy */ = {
			isa = PBXContainerItemProxy;
			containerPortal = 44BB02E31DDED63C0036E224 /* Project object */;
			proxyType = 1;
			remoteGlobalIDString = 44BB02EA1DDED63C0036E224;
			remoteInfo = SpriteButton;
		};
/* End PBXContainerItemProxy section */

/* Begin PBXFileReference section */
		44BB02EB1DDED63C0036E224 /* SpriteButton.app */ = {isa = PBXFileReference; explicitFileType = wrapper.application; includeInIndex = 0; path = SpriteButton.app; sourceTree = BUILT_PRODUCTS_DIR; };
		44BB02EF1DDED63C0036E224 /* main.m */ = {isa = PBXFileReference; lastKnownFileType = sourcecode.c.objc; path = main.m; sourceTree = "<group>"; };
		44BB02F11DDED63C0036E224 /* AppDelegate.h */ = {isa = PBXFileReference; lastKnownFileType = sourcecode.c.h; path = AppDelegate.h; sourceTree = "<group>"; };
		44BB02F21DDED63C0036E224 /* AppDelegate.m */ = {isa = PBXFileReference; lastKnownFileType = sourcecode.c.objc; path = AppDelegate.m; sourceTree = "<group>"; };
		44BB02F41DDED63C0036E224 /* ViewController.h */ = {isa = PBXFileReference; lastKnownFileType = sourcecode.c.h; path = ViewController.h; sourceTree = "<group>"; };
		44BB02F51DDED63C0036E224 /* ViewController.m */ = {isa = PBXFileReference; lastKnownFileType = sourcecode.c.objc; path = ViewController.m; sourceTree = "<group>"; };
		44BB02F81DDED63C0036E224 /* Base */ = {isa = PBXFileReference; lastKnownFileType = file.storyboard; name = Base; path = Base.lproj/Main.storyboard; sourceTree = "<group>"; };
		44BB02FA1DDED63C0036E224 /* Assets.xcassets */ = {isa = PBXFileReference; lastKnownFileType = folder.assetcatalog; path = Assets.xcassets; sourceTree = "<group>"; };
		44BB02FD1DDED63C0036E224 /* Base */ = {isa = PBXFileReference; lastKnownFileType = file.storyboard; name = Base; path = Base.lproj/LaunchScreen.storyboard; sourceTree = "<group>"; };
		44BB02FF1DDED63C0036E224 /* Info.plist */ = {isa = PBXFileReference; lastKnownFileType = text.plist.xml; path = Info.plist; sourceTree = "<group>"; };
		44BB03041DDED63C0036E224 /* SpriteButtonTests.xctest */ = {isa = PBXFileReference; explicitFileType = wrapper.cfbundle; includeInIndex = 0; path = SpriteButtonTests.xctest; sourceTree = BUILT_PRODUCTS_DIR; };
		44BB03081DDED63C0036E224 /* SpriteButtonTests.m */ = {isa = PBXFileReference; lastKnownFileType = sourcecode.c.objc; path = SpriteButtonTests.m; sourceTree = "<group>"; };
		44BB030A1DDED63C0036E224 /* Info.plist */ = {isa = PBXFileReference; lastKnownFileType = text.plist.xml; path = Info.plist; sourceTree = "<group>"; };
		44BB030F1DDED63C0036E224 /* SpriteButtonUITests.xctest */ = {isa = PBXFileReference; explicitFileType = wrapper.cfbundle; includeInIndex = 0; path = SpriteButtonUITests.xctest; sourceTree = BUILT_PRODUCTS_DIR; };
		44BB03131DDED63C0036E224 /* SpriteButtonUITests.m */ = {isa = PBXFileReference; lastKnownFileType = sourcecode.c.objc; path = SpriteButtonUITests.m; sourceTree = "<group>"; };
		44BB03151DDED63C0036E224 /* Info.plist */ = {isa = PBXFileReference; lastKnownFileType = text.plist.xml; path = Info.plist; sourceTree = "<group>"; };
		44BB03211DDED67D0036E224 /* SpriteButton.h */ = {isa = PBXFileReference; fileEncoding = 4; lastKnownFileType = sourcecode.c.h; path = SpriteButton.h; sourceTree = "<group>"; };
		44BB03221DDED67D0036E224 /* SpriteButton.m */ = {isa = PBXFileReference; fileEncoding = 4; lastKnownFileType = sourcecode.c.objc; path = SpriteButton.m; sourceTree = "<group>"; };
/* End PBXFileReference section */

/* Begin PBXFrameworksBuildPhase section */
		44BB02E81DDED63C0036E224 /* Frameworks */ = {
			isa = PBXFrameworksBuildPhase;
			buildActionMask = 2147483647;
			files = (
			);
			runOnlyForDeploymentPostprocessing = 0;
		};
		44BB03011DDED63C0036E224 /* Frameworks */ = {
			isa = PBXFrameworksBuildPhase;
			buildActionMask = 2147483647;
			files = (
			);
			runOnlyForDeploymentPostprocessing = 0;
		};
		44BB030C1DDED63C0036E224 /* Frameworks */ = {
			isa = PBXFrameworksBuildPhase;
			buildActionMask = 2147483647;
			files = (
			);
			runOnlyForDeploymentPostprocessing = 0;
		};
/* End PBXFrameworksBuildPhase section */

/* Begin PBXGroup section */
		44BB02E21DDED63C0036E224 = {
			isa = PBXGroup;
			children = (
				44BB02ED1DDED63C0036E224 /* SpriteButton */,
				44BB03071DDED63C0036E224 /* SpriteButtonTests */,
				44BB03121DDED63C0036E224 /* SpriteButtonUITests */,
				44BB02EC1DDED63C0036E224 /* Products */,
			);
			sourceTree = "<group>";
		};
		44BB02EC1DDED63C0036E224 /* Products */ = {
			isa = PBXGroup;
			children = (
				44BB02EB1DDED63C0036E224 /* SpriteButton.app */,
				44BB03041DDED63C0036E224 /* SpriteButtonTests.xctest */,
				44BB030F1DDED63C0036E224 /* SpriteButtonUITests.xctest */,
			);
			name = Products;
			sourceTree = "<group>";
		};
		44BB02ED1DDED63C0036E224 /* SpriteButton */ = {
			isa = PBXGroup;
			children = (
				44BB02F11DDED63C0036E224 /* AppDelegate.h */,
				44BB02F21DDED63C0036E224 /* AppDelegate.m */,
				44BB02F41DDED63C0036E224 /* ViewController.h */,
				44BB02F51DDED63C0036E224 /* ViewController.m */,
				44BB02F71DDED63C0036E224 /* Main.storyboard */,
				44BB02FA1DDED63C0036E224 /* Assets.xcassets */,
				44BB02FC1DDED63C0036E224 /* LaunchScreen.storyboard */,
				44BB02FF1DDED63C0036E224 /* Info.plist */,
				44BB02EE1DDED63C0036E224 /* Supporting Files */,
				44BB03211DDED67D0036E224 /* SpriteButton.h */,
				44BB03221DDED67D0036E224 /* SpriteButton.m */,
			);
			path = SpriteButton;
			sourceTree = "<group>";
		};
		44BB02EE1DDED63C0036E224 /* Supporting Files */ = {
			isa = PBXGroup;
			children = (
				44BB02EF1DDED63C0036E224 /* main.m */,
			);
			name = "Supporting Files";
			sourceTree = "<group>";
		};
		44BB03071DDED63C0036E224 /* SpriteButtonTests */ = {
			isa = PBXGroup;
			children = (
				44BB03081DDED63C0036E224 /* SpriteButtonTests.m */,
				44BB030A1DDED63C0036E224 /* Info.plist */,
			);
			path = SpriteButtonTests;
			sourceTree = "<group>";
		};
		44BB03121DDED63C0036E224 /* SpriteButtonUITests */ = {
			isa = PBXGroup;
			children = (
				44BB03131DDED63C0036E224 /* SpriteButtonUITests.m */,
				44BB03151DDED63C0036E224 /* Info.plist */,
			);
			path = SpriteButtonUITests;
			sourceTree = "<group>";
		};
/* End PBXGroup section */

/* Begin PBXNativeTarget section */
		44BB02EA1DDED63C0036E224 /* SpriteButton */ = {
			isa = PBXNativeTarget;
			buildConfigurationList = 44BB03181DDED63C0036E224 /* Build configuration list for PBXNativeTarget "SpriteButton" */;
			buildPhases = (
				44BB02E71DDED63C0036E224 /* Sources */,
				44BB02E81DDED63C0036E224 /* Frameworks */,
				44BB02E91DDED63C0036E224 /* Resources */,
			);
			buildRules = (
			);
			dependencies = (
			);
			name = SpriteButton;
			productName = SpriteButton;
			productReference = 44BB02EB1DDED63C0036E224 /* SpriteButton.app */;
			productType = "com.apple.product-type.application";
		};
		44BB03031DDED63C0036E224 /* SpriteButtonTests */ = {
			isa = PBXNativeTarget;
			buildConfigurationList = 44BB031B1DDED63C0036E224 /* Build configuration list for PBXNativeTarget "SpriteButtonTests" */;
			buildPhases = (
				44BB03001DDED63C0036E224 /* Sources */,
				44BB03011DDED63C0036E224 /* Frameworks */,
				44BB03021DDED63C0036E224 /* Resources */,
			);
			buildRules = (
			);
			dependencies = (
				44BB03061DDED63C0036E224 /* PBXTargetDependency */,
			);
			name = SpriteButtonTests;
			productName = SpriteButtonTests;
			productReference = 44BB03041DDED63C0036E224 /* SpriteButtonTests.xctest */;
			productType = "com.apple.product-type.bundle.unit-test";
		};
		44BB030E1DDED63C0036E224 /* SpriteButtonUITests */ = {
			isa = PBXNativeTarget;
			buildConfigurationList = 44BB031E1DDED63C0036E224 /* Build configuration list for PBXNativeTarget "SpriteButtonUITests" */;
			buildPhases = (
				44BB030B1DDED63C0036E224 /* Sources */,
				44BB030C1DDED63C0036E224 /* Frameworks */,
				44BB030D1DDED63C0036E224 /* Resources */,
			);
			buildRules = (
			);
			dependencies = (
				44BB03111DDED63C0036E224 /* PBXTargetDependency */,
			);
			name = SpriteButtonUITests;
			productName = SpriteButtonUITests;
			productReference = 44BB030F1DDED63C0036E224 /* SpriteButtonUITests.xctest */;
			productType = "com.apple.product-type.bundle.ui-testing";
		};
/* End PBXNativeTarget section */

/* Begin PBXProject section */
		44BB02E31DDED63C0036E224 /* Project object */ = {
			isa = PBXProject;
			attributes = {
				LastUpgradeCheck = 0810;
				ORGANIZATIONNAME = mzyw;
				TargetAttributes = {
					44BB02EA1DDED63C0036E224 = {
						CreatedOnToolsVersion = 8.1;
						DevelopmentTeam = GLRTG573WU;
						ProvisioningStyle = Automatic;
					};
					44BB03031DDED63C0036E224 = {
						CreatedOnToolsVersion = 8.1;
						DevelopmentTeam = GLRTG573WU;
						ProvisioningStyle = Automatic;
						TestTargetID = 44BB02EA1DDED63C0036E224;
					};
					44BB030E1DDED63C0036E224 = {
						CreatedOnToolsVersion = 8.1;
						DevelopmentTeam = GLRTG573WU;
						ProvisioningStyle = Automatic;
						TestTargetID = 44BB02EA1DDED63C0036E224;
					};
				};
			};
			buildConfigurationList = 44BB02E61DDED63C0036E224 /* Build configuration list for PBXProject "SpriteButton" */;
			compatibilityVersion = "Xcode 3.2";
			developmentRegion = English;
			hasScannedForEncodings = 0;
			knownRegions = (
				en,
				Base,
			);
			mainGroup = 44BB02E21DDED63C0036E224;
			productRefGroup = 44BB02EC1DDED63C0036E224 /* Products */;
			projectDirPath = "";
			projectRoot = "";
			targets = (
				44BB02EA1DDED63C0036E224 /* SpriteButton */,
				44BB03031DDED63C0036E224 /* SpriteButtonTests */,
				44BB030E1DDED63C0036E224 /* SpriteButtonUITests */,
			);
		};
/* End PBXProject section */

/* Begin PBXResourcesBuildPhase section */
		44BB02E91DDED63C0036E224 /* Resources */ = {
			isa = PBXResourcesBuildPhase;
			buildActionMask = 2147483647;
			files = (
				44BB02FE1DDED63C0036E224 /* LaunchScreen.storyboard in Resources */,
				44BB02FB1DDED63C0036E224 /* Assets.xcassets in Resources */,
				44BB02F91DDED63C0036E224 /* Main.storyboard in Resources */,
			);
			runOnlyForDeploymentPostprocessing = 0;
		};
		44BB03021DDED63C0036E224 /* Resources */ = {
			isa = PBXResourcesBuildPhase;
			buildActionMask = 2147483647;
			files = (
			);
			runOnlyForDeploymentPostprocessing = 0;
		};
		44BB030D1DDED63C0036E224 /* Resources */ = {
			isa = PBXResourcesBuildPhase;
			buildActionMask = 2147483647;
			files = (
			);
			runOnlyForDeploymentPostprocessing = 0;
		};
/* End PBXResourcesBuildPhase section */

/* Begin PBXSourcesBuildPhase section */
		44BB02E71DDED63C0036E224 /* Sources */ = {
			isa = PBXSourcesBuildPhase;
			buildActionMask = 2147483647;
			files = (
				44BB03231DDED67D0036E224 /* SpriteButton.m in Sources */,
				44BB02F61DDED63C0036E224 /* ViewController.m in Sources */,
				44BB02F31DDED63C0036E224 /* AppDelegate.m in Sources */,
				44BB02F01DDED63C0036E224 /* main.m in Sources */,
			);
			runOnlyForDeploymentPostprocessing = 0;
		};
		44BB03001DDED63C0036E224 /* Sources */ = {
			isa = PBXSourcesBuildPhase;
			buildActionMask = 2147483647;
			files = (
				44BB03091DDED63C0036E224 /* SpriteButtonTests.m in Sources */,
			);
			runOnlyForDeploymentPostprocessing = 0;
		};
		44BB030B1DDED63C0036E224 /* Sources */ = {
			isa = PBXSourcesBuildPhase;
			buildActionMask = 2147483647;
			files = (
				44BB03141DDED63C0036E224 /* SpriteButtonUITests.m in Sources */,
			);
			runOnlyForDeploymentPostprocessing = 0;
		};
/* End PBXSourcesBuildPhase section */

/* Begin PBXTargetDependency section */
		44BB03061DDED63C0036E224 /* PBXTargetDependency */ = {
			isa = PBXTargetDependency;
			target = 44BB02EA1DDED63C0036E224 /* SpriteButton */;
			targetProxy = 44BB03051DDED63C0036E224 /* PBXContainerItemProxy */;
		};
		44BB03111DDED63C0036E224 /* PBXTargetDependency */ = {
			isa = PBXTargetDependency;
			target = 44BB02EA1DDED63C0036E224 /* SpriteButton */;
			targetProxy = 44BB03101DDED63C0036E224 /* PBXContainerItemProxy */;
		};
/* End PBXTargetDependency section */

/* Begin PBXVariantGroup section */
		44BB02F71DDED63C0036E224 /* Main.storyboard */ = {
			isa = PBXVariantGroup;
			children = (
				44BB02F81DDED63C0036E224 /* Base */,
			);
			name = Main.storyboard;
			sourceTree = "<group>";
		};
		44BB02FC1DDED63C0036E224 /* LaunchScreen.storyboard */ = {
			isa = PBXVariantGroup;
			children = (
				44BB02FD1DDED63C0036E224 /* Base */,
			);
			name = LaunchScreen.storyboard;
			sourceTree = "<group>";
		};
/* End PBXVariantGroup section */

/* Begin XCBuildConfiguration section */
		44BB03161DDED63C0036E224 /* Debug */ = {
			isa = XCBuildConfiguration;
			buildSettings = {
				ALWAYS_SEARCH_USER_PATHS = NO;
				CLANG_ANALYZER_NONNULL = YES;
				CLANG_CXX_LANGUAGE_STANDARD = "gnu++0x";
				CLANG_CXX_LIBRARY = "libc++";
				CLANG_ENABLE_MODULES = YES;
				CLANG_ENABLE_OBJC_ARC = YES;
				CLANG_WARN_BOOL_CONVERSION = YES;
				CLANG_WARN_CONSTANT_CONVERSION = YES;
				CLANG_WARN_DIRECT_OBJC_ISA_USAGE = YES_ERROR;
				CLANG_WARN_DOCUMENTATION_COMMENTS = YES;
				CLANG_WARN_EMPTY_BODY = YES;
				CLANG_WARN_ENUM_CONVERSION = YES;
				CLANG_WARN_INFINITE_RECURSION = YES;
				CLANG_WARN_INT_CONVERSION = YES;
				CLANG_WARN_OBJC_ROOT_CLASS = YES_ERROR;
				CLANG_WARN_SUSPICIOUS_MOVES = YES;
				CLANG_WARN_UNREACHABLE_CODE = YES;
				CLANG_WARN__DUPLICATE_METHOD_MATCH = YES;
				"CODE_SIGN_IDENTITY[sdk=iphoneos*]" = "iPhone Developer";
				COPY_PHASE_STRIP = NO;
				DEBUG_INFORMATION_FORMAT = dwarf;
				ENABLE_STRICT_OBJC_MSGSEND = YES;
				ENABLE_TESTABILITY = YES;
				GCC_C_LANGUAGE_STANDARD = gnu99;
				GCC_DYNAMIC_NO_PIC = NO;
				GCC_NO_COMMON_BLOCKS = YES;
				GCC_OPTIMIZATION_LEVEL = 0;
				GCC_PREPROCESSOR_DEFINITIONS = (
					"DEBUG=1",
					"$(inherited)",
				);
				GCC_WARN_64_TO_32_BIT_CONVERSION = YES;
				GCC_WARN_ABOUT_RETURN_TYPE = YES_ERROR;
				GCC_WARN_UNDECLARED_SELECTOR = YES;
				GCC_WARN_UNINITIALIZED_AUTOS = YES_AGGRESSIVE;
				GCC_WARN_UNUSED_FUNCTION = YES;
				GCC_WARN_UNUSED_VARIABLE = YES;
				IPHONEOS_DEPLOYMENT_TARGET = 10.1;
				MTL_ENABLE_DEBUG_INFO = YES;
				ONLY_ACTIVE_ARCH = YES;
				SDKROOT = iphoneos;
			};
			name = Debug;
		};
		44BB03171DDED63C0036E224 /* Release */ = {
			isa = XCBuildConfiguration;
			buildSettings = {
				ALWAYS_SEARCH_USER_PATHS = NO;
				CLANG_ANALYZER_NONNULL = YES;
				CLANG_CXX_LANGUAGE_STANDARD = "gnu++0x";
				CLANG_CXX_LIBRARY = "libc++";
				CLANG_ENABLE_MODULES = YES;
				CLANG_ENABLE_OBJC_ARC = YES;
				CLANG_WARN_BOOL_CONVERSION = YES;
				CLANG_WARN_CONSTANT_CONVERSION = YES;
				CLANG_WARN_DIRECT_OBJC_ISA_USAGE = YES_ERROR;
				CLANG_WARN_DOCUMENTATION_COMMENTS = YES;
				CLANG_WARN_EMPTY_BODY = YES;
				CLANG_WARN_ENUM_CONVERSION = YES;
				CLANG_WARN_INFINITE_RECURSION = YES;
				CLANG_WARN_INT_CONVERSION = YES;
				CLANG_WARN_OBJC_ROOT_CLASS = YES_ERROR;
				CLANG_WARN_SUSPICIOUS_MOVES = YES;
				CLANG_WARN_UNREACHABLE_CODE = YES;
				CLANG_WARN__DUPLICATE_METHOD_MATCH = YES;
				"CODE_SIGN_IDENTITY[sdk=iphoneos*]" = "iPhone Developer";
				COPY_PHASE_STRIP = NO;
				DEBUG_INFORMATION_FORMAT = "dwarf-with-dsym";
				ENABLE_NS_ASSERTIONS = NO;
				ENABLE_STRICT_OBJC_MSGSEND = YES;
				GCC_C_LANGUAGE_STANDARD = gnu99;
				GCC_NO_COMMON_BLOCKS = YES;
				GCC_WARN_64_TO_32_BIT_CONVERSION = YES;
				GCC_WARN_ABOUT_RETURN_TYPE = YES_ERROR;
				GCC_WARN_UNDECLARED_SELECTOR = YES;
				GCC_WARN_UNINITIALIZED_AUTOS = YES_AGGRESSIVE;
				GCC_WARN_UNUSED_FUNCTION = YES;
				GCC_WARN_UNUSED_VARIABLE = YES;
				IPHONEOS_DEPLOYMENT_TARGET = 10.1;
				MTL_ENABLE_DEBUG_INFO = NO;
				SDKROOT = iphoneos;
				VALIDATE_PRODUCT = YES;
			};
			name = Release;
		};
		44BB03191DDED63C0036E224 /* Debug */ = {
			isa = XCBuildConfiguration;
			buildSettings = {
				ASSETCATALOG_COMPILER_APPICON_NAME = AppIcon;
				DEVELOPMENT_TEAM = GLRTG573WU;
				INFOPLIST_FILE = SpriteButton/Info.plist;
				LD_RUNPATH_SEARCH_PATHS = "$(inherited) @executable_path/Frameworks";
				PRODUCT_BUNDLE_IDENTIFIER = com.www.mzyw.SpriteButton;
				PRODUCT_NAME = "$(TARGET_NAME)";
			};
			name = Debug;
		};
		44BB031A1DDED63C0036E224 /* Release */ = {
			isa = XCBuildConfiguration;
			buildSettings = {
				ASSETCATALOG_COMPILER_APPICON_NAME = AppIcon;
				DEVELOPMENT_TEAM = GLRTG573WU;
				INFOPLIST_FILE = SpriteButton/Info.plist;
				LD_RUNPATH_SEARCH_PATHS = "$(inherited) @executable_path/Frameworks";
				PRODUCT_BUNDLE_IDENTIFIER = com.www.mzyw.SpriteButton;
				PRODUCT_NAME = "$(TARGET_NAME)";
			};
			name = Release;
		};
		44BB031C1DDED63C0036E224 /* Debug */ = {
			isa = XCBuildConfiguration;
			buildSettings = {
				BUNDLE_LOADER = "$(TEST_HOST)";
				DEVELOPMENT_TEAM = GLRTG573WU;
				INFOPLIST_FILE = SpriteButtonTests/Info.plist;
				LD_RUNPATH_SEARCH_PATHS = "$(inherited) @executable_path/Frameworks @loader_path/Frameworks";
				PRODUCT_BUNDLE_IDENTIFIER = com.www.mzyw.SpriteButtonTests;
				PRODUCT_NAME = "$(TARGET_NAME)";
				TEST_HOST = "$(BUILT_PRODUCTS_DIR)/SpriteButton.app/SpriteButton";
			};
			name = Debug;
		};
		44BB031D1DDED63C0036E224 /* Release */ = {
			isa = XCBuildConfiguration;
			buildSettings = {
				BUNDLE_LOADER = "$(TEST_HOST)";
				DEVELOPMENT_TEAM = GLRTG573WU;
				INFOPLIST_FILE = SpriteButtonTests/Info.plist;
				LD_RUNPATH_SEARCH_PATHS = "$(inherited) @executable_path/Frameworks @loader_path/Frameworks";
				PRODUCT_BUNDLE_IDENTIFIER = com.www.mzyw.SpriteButtonTests;
				PRODUCT_NAME = "$(TARGET_NAME)";
				TEST_HOST = "$(BUILT_PRODUCTS_DIR)/SpriteButton.app/SpriteButton";
			};
			name = Release;
		};
		44BB031F1DDED63C0036E224 /* Debug */ = {
			isa = XCBuildConfiguration;
			buildSettings = {
				DEVELOPMENT_TEAM = GLRTG573WU;
				INFOPLIST_FILE = SpriteButtonUITests/Info.plist;
				LD_RUNPATH_SEARCH_PATHS = "$(inherited) @executable_path/Frameworks @loader_path/Frameworks";
				PRODUCT_BUNDLE_IDENTIFIER = com.www.mzyw.SpriteButtonUITests;
				PRODUCT_NAME = "$(TARGET_NAME)";
				TEST_TARGET_NAME = SpriteButton;
			};
			name = Debug;
		};
		44BB03201DDED63C0036E224 /* Release */ = {
			isa = XCBuildConfiguration;
			buildSettings = {
				DEVELOPMENT_TEAM = GLRTG573WU;
				INFOPLIST_FILE = SpriteButtonUITests/Info.plist;
				LD_RUNPATH_SEARCH_PATHS = "$(inherited) @executable_path/Frameworks @loader_path/Frameworks";
				PRODUCT_BUNDLE_IDENTIFIER = com.www.mzyw.SpriteButtonUITests;
				PRODUCT_NAME = "$(TARGET_NAME)";
				TEST_TARGET_NAME = SpriteButton;
			};
			name = Release;
		};
/* End XCBuildConfiguration section */

/* Begin XCConfigurationList section */
		44BB02E61DDED63C0036E224 /* Build configuration list for PBXProject "SpriteButton" */ = {
			isa = XCConfigurationList;
			buildConfigurations = (
				44BB03161DDED63C0036E224 /* Debug */,
				44BB03171DDED63C0036E224 /* Release */,
			);
			defaultConfigurationIsVisible = 0;
			defaultConfigurationName = Release;
		};
		44BB03181DDED63C0036E224 /* Build configuration list for PBXNativeTarget "SpriteButton" */ = {
			isa = XCConfigurationList;
			buildConfigurations = (
				44BB03191DDED63C0036E224 /* Debug */,
				44BB031A1DDED63C0036E224 /* Release */,
			);
			defaultConfigurationIsVisible = 0;
		};
		44BB031B1DDED63C0036E224 /* Build configuration list for PBXNativeTarget "SpriteButtonTests" */ = {
			isa = XCConfigurationList;
			buildConfigurations = (
				44BB031C1DDED63C0036E224 /* Debug */,
				44BB031D1DDED63C0036E224 /* Release */,
			);
			defaultConfigurationIsVisible = 0;
		};
		44BB031E1DDED63C0036E224 /* Build configuration list for PBXNativeTarget "SpriteButtonUITests" */ = {
			isa = XCConfigurationList;
			buildConfigurations = (
				44BB031F1DDED63C0036E224 /* Debug */,
				44BB03201DDED63C0036E224 /* Release */,
			);
			defaultConfigurationIsVisible = 0;
		};
/* End XCConfigurationList section */
	};
	rootObject = 44BB02E31DDED63C0036E224 /* Project object */;
}
